Microsoft Visual Studio Solution File, Format Version 11.00
# Visual Studio 2008

Project("{92D5B588-3E72-983D-EF4E-56444AE949A5}") = "Quetzal", "Assembly-CSharp.csproj", "{A356BF2D-4F37-B83C-51B4-8148EF35B9A3}"
EndProject
Project("{92D5B588-3E72-983D-EF4E-56444AE949A5}") = "Quetzal", "Assembly-CSharp-Editor.csproj", "{0BCAEF54-4A06-9447-8E0B-BCC869D7FF37}"
EndProject
Global
	GlobalSection(SolutionConfigurationPlatforms) = preSolution
		Debug|Any CPU = Debug|Any CPU
		Release|Any CPU = Release|Any CPU
	EndGlobalSection
	GlobalSection(ProjectConfigurationPlatforms) = postSolution
		{A356BF2D-4F37-B83C-51B4-8148EF35B9A3}.Debug|Any CPU.ActiveCfg = Debug|Any CPU
		{A356BF2D-4F37-B83C-51B4-8148EF35B9A3}.Debug|Any CPU.Build.0 = Debug|Any CPU
		{A356BF2D-4F37-B83C-51B4-8148EF35B9A3}.Release|Any CPU.ActiveCfg = Release|Any CPU
		{A356BF2D-4F37-B83C-51B4-8148EF35B9A3}.Release|Any CPU.Build.0 = Release|Any CPU
		{0BCAEF54-4A06-9447-8E0B-BCC869D7FF37}.Debug|Any CPU.ActiveCfg = Debug|Any CPU
		{0BCAEF54-4A06-9447-8E0B-BCC869D7FF37}.Debug|Any CPU.Build.0 = Debug|Any CPU
		{0BCAEF54-4A06-9447-8E0B-BCC869D7FF37}.Release|Any CPU.ActiveCfg = Release|Any CPU
		{0BCAEF54-4A06-9447-8E0B-BCC869D7FF37}.Release|Any CPU.Build.0 = Release|Any CPU
	EndGlobalSection
	GlobalSection(SolutionProperties) = preSolution
		HideSolutionNode = FALSE
	EndGlobalSection
	GlobalSection(MonoDevelopProperties) = preSolution
		StartupItem = Assembly-CSharp.csproj
	EndGlobalSection
EndGlobal
